
Microsoft Visual Studio Solution File, Format Version 12.00
# Visual Studio Version 17
VisualStudioVersion = 17.13.35825.156
MinimumVisualStudioVersion = 10.0.40219.1
Project("{FAE04EC0-301F-11D3-BF4B-00C04F79EFBC}") = "RolandoMesaGdp.Api", "RolandoMesaGdp.Api\RolandoMesaGdp.Api.csproj", "{43E7C600-8286-4D5B-A0C1-7A9FD89BEC18}"
EndProject
Global
	GlobalSection(SolutionConfigurationPlatforms) = preSolution
		Debug|Any CPU = Debug|Any CPU
		Release|Any CPU = Release|Any CPU
	EndGlobalSection
	GlobalSection(ProjectConfigurationPlatforms) = postSolution
		{43E7C600-8286-4D5B-A0C1-7A9FD89BEC18}.Debug|Any CPU.ActiveCfg = Debug|Any CPU
		{43E7C600-8286-4D5B-A0C1-7A9FD89BEC18}.Debug|Any CPU.Build.0 = Debug|Any CPU
		{43E7C600-8286-4D5B-A0C1-7A9FD89BEC18}.Release|Any CPU.ActiveCfg = Release|Any CPU
		{43E7C600-8286-4D5B-A0C1-7A9FD89BEC18}.Release|Any CPU.Build.0 = Release|Any CPU
	EndGlobalSection
	GlobalSection(SolutionProperties) = preSolution
		HideSolutionNode = FALSE
	EndGlobalSection
	GlobalSection(ExtensibilityGlobals) = postSolution
		SolutionGuid = {F9D011E4-9638-42F5-A8C0-E141FA1F3B9D}
	EndGlobalSection
EndGlobal
